{
  "pins" : [
    {
      "identity" : "appmetrica-sdk-ios",
      "kind" : "remoteSourceControl",
      "location" : "https://github.com/appmetrica/appmetrica-sdk-ios",
      "state" : {
        "revision" : "d6d472de0485c87c3bfe0dd3b57a782132d751ee",
        "version" : "5.16.0"
      }
    },
    {
      "identity" : "kscrash",
      "kind" : "remoteSourceControl",
      "location" : "https://github.com/kstenerud/KSCrash",
      "state" : {
        "revision" : "c0177658fc771ae833b6d3b8f5f3f5a14d59ec03",
        "version" : "2.1.2"
      }
    },
    {
      "identity" : "push-sdk-ios",
      "kind" : "remoteSourceControl",
      "location" : "https://github.com/appmetrica/push-sdk-ios",
      "state" : {
        "revision" : "a92cd3d149000e066dfa748765b7ea9f2d670680",
        "version" : "3.2.0"
      }
    }
  ],
  "version" : 2
}
