{
  "originHash" : "b7949f74aa2774f64c59b2bc5970fa2d0a6b3597af91181401551996cc653a23",
  "pins" : [
    {
      "identity" : "appmetrica-sdk-ios",
      "kind" : "remoteSourceControl",
      "location" : "https://github.com/appmetrica/appmetrica-sdk-ios",
      "state" : {
        "revision" : "0ef47447ea9de9ce4bd78e10d3c6da6219446cb2",
        "version" : "5.14.0"
      }
    },
    {
      "identity" : "kscrash",
      "kind" : "remoteSourceControl",
      "location" : "https://github.com/kstenerud/KSCrash",
      "state" : {
        "revision" : "c0177658fc771ae833b6d3b8f5f3f5a14d59ec03",
        "version" : "2.1.2"
      }
    },
    {
      "identity" : "push-sdk-ios",
      "kind" : "remoteSourceControl",
      "location" : "https://github.com/appmetrica/push-sdk-ios",
      "state" : {
        "revision" : "bca0509fe9723549230d824b3f5b7452a05aafef",
        "version" : "3.1.0"
      }
    }
  ],
  "version" : 3
}
